
Microsoft Visual Studio Solution File, Format Version 12.00
# Visual Studio Version 16
VisualStudioVersion = 16.0.29728.190
MinimumVisualStudioVersion = 10.0.40219.1
Project("{FAE04EC0-301F-11D3-BF4B-00C04F79EFBC}") = "FourTwenty.Xamarin.PlayCoreBinding", "FourTwenty.Xamarin.PlayCoreBinding\FourTwenty.Xamarin.PlayCoreBinding.csproj", "{B66D7A48-288B-4F55-BD21-51FB31F1B04E}"
EndProject
Project("{FAE04EC0-301F-11D3-BF4B-00C04F79EFBC}") = "FourTwenty.Xamarin.PlayCoreBinding.Sample", "FourTwenty.Xamarin.PlayCoreBinding.Sample\FourTwenty.Xamarin.PlayCoreBinding.Sample.csproj", "{21A83581-1C64-4F76-8753-881EA47A8153}"
EndProject
Global
	GlobalSection(SolutionConfigurationPlatforms) = preSolution
		Debug|Any CPU = Debug|Any CPU
		Release|Any CPU = Release|Any CPU
	EndGlobalSection
	GlobalSection(ProjectConfigurationPlatforms) = postSolution
		{B66D7A48-288B-4F55-BD21-51FB31F1B04E}.Debug|Any CPU.ActiveCfg = Debug|Any CPU
		{B66D7A48-288B-4F55-BD21-51FB31F1B04E}.Debug|Any CPU.Build.0 = Debug|Any CPU
		{B66D7A48-288B-4F55-BD21-51FB31F1B04E}.Release|Any CPU.ActiveCfg = Release|Any CPU
		{B66D7A48-288B-4F55-BD21-51FB31F1B04E}.Release|Any CPU.Build.0 = Release|Any CPU
		{21A83581-1C64-4F76-8753-881EA47A8153}.Debug|Any CPU.ActiveCfg = Debug|Any CPU
		{21A83581-1C64-4F76-8753-881EA47A8153}.Debug|Any CPU.Build.0 = Debug|Any CPU
		{21A83581-1C64-4F76-8753-881EA47A8153}.Debug|Any CPU.Deploy.0 = Debug|Any CPU
		{21A83581-1C64-4F76-8753-881EA47A8153}.Release|Any CPU.ActiveCfg = Release|Any CPU
		{21A83581-1C64-4F76-8753-881EA47A8153}.Release|Any CPU.Build.0 = Release|Any CPU
		{21A83581-1C64-4F76-8753-881EA47A8153}.Release|Any CPU.Deploy.0 = Release|Any CPU
	EndGlobalSection
	GlobalSection(SolutionProperties) = preSolution
		HideSolutionNode = FALSE
	EndGlobalSection
	GlobalSection(ExtensibilityGlobals) = postSolution
		SolutionGuid = {62A98373-E279-4597-923E-ED09ADEE6313}
	EndGlobalSection
EndGlobal
